
Microsoft Visual Studio Solution File, Format Version 12.00
# Visual Studio Version 17
VisualStudioVersion = 17.0.31903.59
MinimumVisualStudioVersion = 10.0.40219.1
Project("{2150E333-8FDC-42A3-9474-1A3956D46DE8}") = "src", "src", "{827E0CD3-B72D-47B6-A68D-7590B98EB39B}"
EndProject
Project("{FAE04EC0-301F-11D3-BF4B-00C04F79EFBC}") = "SmartLLM.Telemetry.Core", "src\SmartLLM.Telemetry.Core\SmartLLM.Telemetry.Core.csproj", "{8C8031D7-14B9-41E5-9E92-8EB7037FC8F4}"
EndProject
Project("{FAE04EC0-301F-11D3-BF4B-00C04F79EFBC}") = "SmartLLM.Telemetry.OpenTelemetry", "src\SmartLLM.Telemetry.OpenTelemetry\SmartLLM.Telemetry.OpenTelemetry.csproj", "{5A842633-317C-43BC-9B74-C974F79B7CDF}"
EndProject
Project("{FAE04EC0-301F-11D3-BF4B-00C04F79EFBC}") = "SmartLLM.Telemetry.Tokenizer", "src\SmartLLM.Telemetry.Tokenizer\SmartLLM.Telemetry.Tokenizer.csproj", "{2C3AF158-6F93-4448-AC23-6900C6D56C8F}"
EndProject
Project("{FAE04EC0-301F-11D3-BF4B-00C04F79EFBC}") = "SmartLLM.Telemetry.Providers.OpenAI", "src\SmartLLM.Telemetry.Providers.OpenAI\SmartLLM.Telemetry.Providers.OpenAI.csproj", "{8421ECE8-4C97-4191-AAE4-81B8B2A724EF}"
EndProject
Project("{FAE04EC0-301F-11D3-BF4B-00C04F79EFBC}") = "SmartLLM.Telemetry.Providers.AzureOpenAI", "src\SmartLLM.Telemetry.Providers.AzureOpenAI\SmartLLM.Telemetry.Providers.AzureOpenAI.csproj", "{65E75E1B-858A-4958-B590-5483734604D2}"
EndProject
Project("{FAE04EC0-301F-11D3-BF4B-00C04F79EFBC}") = "SmartLLM.Telemetry.Providers.Ollama", "src\SmartLLM.Telemetry.Providers.Ollama\SmartLLM.Telemetry.Providers.Ollama.csproj", "{F47C3582-5B4C-47A6-B0DB-BB1FF74DC04E}"
EndProject
Project("{FAE04EC0-301F-11D3-BF4B-00C04F79EFBC}") = "SmartLLM.Telemetry.Sinks.ClickHouse", "src\SmartLLM.Telemetry.Sinks.ClickHouse\SmartLLM.Telemetry.Sinks.ClickHouse.csproj", "{21EE8610-8E51-449A-ADB6-5174CFC4F40A}"
EndProject
Project("{FAE04EC0-301F-11D3-BF4B-00C04F79EFBC}") = "SmartLLM.Telemetry.Security", "src\SmartLLM.Telemetry.Security\SmartLLM.Telemetry.Security.csproj", "{7F915F24-0FD4-40AD-9923-5E274DC1EA66}"
EndProject
Project("{FAE04EC0-301F-11D3-BF4B-00C04F79EFBC}") = "SmartLLM.Telemetry.Caching.Semantic", "src\SmartLLM.Telemetry.Caching.Semantic\SmartLLM.Telemetry.Caching.Semantic.csproj", "{72A6C07E-6F4E-4138-B962-7675AB17E101}"
EndProject
Project("{FAE04EC0-301F-11D3-BF4B-00C04F79EFBC}") = "SmartLLM.Telemetry.Core.Tests", "tests\SmartLLM.Telemetry.Core.Tests\SmartLLM.Telemetry.Core.Tests.csproj", "{1C0BDF89-2B95-48D8-B09D-096AD4491CBC}"
EndProject
Project("{FAE04EC0-301F-11D3-BF4B-00C04F79EFBC}") = "SmartLLM.Telemetry.Tokenizer.Tests", "tests\SmartLLM.Telemetry.Tokenizer.Tests\SmartLLM.Telemetry.Tokenizer.Tests.csproj", "{E0373550-19F1-4B56-ADD9-B6AE4646B2B7}"
EndProject
Project("{FAE04EC0-301F-11D3-BF4B-00C04F79EFBC}") = "SmartLLM.Telemetry.OpenTelemetry.Tests", "tests\SmartLLM.Telemetry.OpenTelemetry.Tests\SmartLLM.Telemetry.OpenTelemetry.Tests.csproj", "{0A03C2F7-B595-4ED7-9B48-3BE81D27939E}"
EndProject
Project("{FAE04EC0-301F-11D3-BF4B-00C04F79EFBC}") = "SmartLLM.Telemetry.Security.Tests", "tests\SmartLLM.Telemetry.Security.Tests\SmartLLM.Telemetry.Security.Tests.csproj", "{CECE525C-7DE9-4B71-9C83-D8297E6453F9}"
EndProject
Project("{FAE04EC0-301F-11D3-BF4B-00C04F79EFBC}") = "SmartLLM.Telemetry.Sample.Console", "samples\SmartLLM.Telemetry.Sample.Console\SmartLLM.Telemetry.Sample.Console.csproj", "{FFCAD20F-28D6-4173-891F-AFFF887A8392}"
EndProject
Project("{FAE04EC0-301F-11D3-BF4B-00C04F79EFBC}") = "SmartLLM.Telemetry.Benchmarks", "benchmarks\SmartLLM.Telemetry.Benchmarks\SmartLLM.Telemetry.Benchmarks.csproj", "{0AB8183B-3908-420C-8D9B-810CEF88D5A9}"
EndProject
Project("{FAE04EC0-301F-11D3-BF4B-00C04F79EFBC}") = "SmartLLM.Telemetry.Extensions.AI", "src\SmartLLM.Telemetry.Extensions.AI\SmartLLM.Telemetry.Extensions.AI.csproj", "{66CBC493-24D7-4A4A-BA31-3C92D14CAE92}"
EndProject
Project("{2150E333-8FDC-42A3-9474-1A3956D46DE8}") = "tests", "tests", "{0AB3BF05-4346-4AA6-1389-037BE0695223}"
EndProject
Project("{FAE04EC0-301F-11D3-BF4B-00C04F79EFBC}") = "SmartLLM.Telemetry.Extensions.AI.Tests", "tests\SmartLLM.Telemetry.Extensions.AI.Tests\SmartLLM.Telemetry.Extensions.AI.Tests.csproj", "{F06D471A-CF5C-4058-9D3E-38FDB94C8FBC}"
EndProject
Project("{FAE04EC0-301F-11D3-BF4B-00C04F79EFBC}") = "SmartLLM.Telemetry.Sinks.ClickHouse.Tests", "tests\SmartLLM.Telemetry.Sinks.ClickHouse.Tests\SmartLLM.Telemetry.Sinks.ClickHouse.Tests.csproj", "{6908A9B4-FAE9-407E-A7BF-313C5CEE1A83}"
EndProject
Project("{FAE04EC0-301F-11D3-BF4B-00C04F79EFBC}") = "SmartLLM.Telemetry.Providers.OpenAI.Tests", "tests\SmartLLM.Telemetry.Providers.OpenAI.Tests\SmartLLM.Telemetry.Providers.OpenAI.Tests.csproj", "{F145A383-49AE-4538-A258-C2E25AD8E0A7}"
EndProject
Global
	GlobalSection(SolutionConfigurationPlatforms) = preSolution
		Debug|Any CPU = Debug|Any CPU
		Debug|x64 = Debug|x64
		Debug|x86 = Debug|x86
		Release|Any CPU = Release|Any CPU
		Release|x64 = Release|x64
		Release|x86 = Release|x86
	EndGlobalSection
	GlobalSection(ProjectConfigurationPlatforms) = postSolution
		{8C8031D7-14B9-41E5-9E92-8EB7037FC8F4}.Debug|Any CPU.ActiveCfg = Debug|Any CPU
		{8C8031D7-14B9-41E5-9E92-8EB7037FC8F4}.Debug|Any CPU.Build.0 = Debug|Any CPU
		{8C8031D7-14B9-41E5-9E92-8EB7037FC8F4}.Debug|x64.ActiveCfg = Debug|Any CPU
		{8C8031D7-14B9-41E5-9E92-8EB7037FC8F4}.Debug|x64.Build.0 = Debug|Any CPU
		{8C8031D7-14B9-41E5-9E92-8EB7037FC8F4}.Debug|x86.ActiveCfg = Debug|Any CPU
		{8C8031D7-14B9-41E5-9E92-8EB7037FC8F4}.Debug|x86.Build.0 = Debug|Any CPU
		{8C8031D7-14B9-41E5-9E92-8EB7037FC8F4}.Release|Any CPU.ActiveCfg = Release|Any CPU
		{8C8031D7-14B9-41E5-9E92-8EB7037FC8F4}.Release|Any CPU.Build.0 = Release|Any CPU
		{8C8031D7-14B9-41E5-9E92-8EB7037FC8F4}.Release|x64.ActiveCfg = Release|Any CPU
		{8C8031D7-14B9-41E5-9E92-8EB7037FC8F4}.Release|x64.Build.0 = Release|Any CPU
		{8C8031D7-14B9-41E5-9E92-8EB7037FC8F4}.Release|x86.ActiveCfg = Release|Any CPU
		{8C8031D7-14B9-41E5-9E92-8EB7037FC8F4}.Release|x86.Build.0 = Release|Any CPU
		{5A842633-317C-43BC-9B74-C974F79B7CDF}.Debug|Any CPU.ActiveCfg = Debug|Any CPU
		{5A842633-317C-43BC-9B74-C974F79B7CDF}.Debug|Any CPU.Build.0 = Debug|Any CPU
		{5A842633-317C-43BC-9B74-C974F79B7CDF}.Debug|x64.ActiveCfg = Debug|Any CPU
		{5A842633-317C-43BC-9B74-C974F79B7CDF}.Debug|x64.Build.0 = Debug|Any CPU
		{5A842633-317C-43BC-9B74-C974F79B7CDF}.Debug|x86.ActiveCfg = Debug|Any CPU
		{5A842633-317C-43BC-9B74-C974F79B7CDF}.Debug|x86.Build.0 = Debug|Any CPU
		{5A842633-317C-43BC-9B74-C974F79B7CDF}.Release|Any CPU.ActiveCfg = Release|Any CPU
		{5A842633-317C-43BC-9B74-C974F79B7CDF}.Release|Any CPU.Build.0 = Release|Any CPU
		{5A842633-317C-43BC-9B74-C974F79B7CDF}.Release|x64.ActiveCfg = Release|Any CPU
		{5A842633-317C-43BC-9B74-C974F79B7CDF}.Release|x64.Build.0 = Release|Any CPU
		{5A842633-317C-43BC-9B74-C974F79B7CDF}.Release|x86.ActiveCfg = Release|Any CPU
		{5A842633-317C-43BC-9B74-C974F79B7CDF}.Release|x86.Build.0 = Release|Any CPU
		{2C3AF158-6F93-4448-AC23-6900C6D56C8F}.Debug|Any CPU.ActiveCfg = Debug|Any CPU
		{2C3AF158-6F93-4448-AC23-6900C6D56C8F}.Debug|Any CPU.Build.0 = Debug|Any CPU
		{2C3AF158-6F93-4448-AC23-6900C6D56C8F}.Debug|x64.ActiveCfg = Debug|Any CPU
		{2C3AF158-6F93-4448-AC23-6900C6D56C8F}.Debug|x64.Build.0 = Debug|Any CPU
		{2C3AF158-6F93-4448-AC23-6900C6D56C8F}.Debug|x86.ActiveCfg = Debug|Any CPU
		{2C3AF158-6F93-4448-AC23-6900C6D56C8F}.Debug|x86.Build.0 = Debug|Any CPU
		{2C3AF158-6F93-4448-AC23-6900C6D56C8F}.Release|Any CPU.ActiveCfg = Release|Any CPU
		{2C3AF158-6F93-4448-AC23-6900C6D56C8F}.Release|Any CPU.Build.0 = Release|Any CPU
		{2C3AF158-6F93-4448-AC23-6900C6D56C8F}.Release|x64.ActiveCfg = Release|Any CPU
		{2C3AF158-6F93-4448-AC23-6900C6D56C8F}.Release|x64.Build.0 = Release|Any CPU
		{2C3AF158-6F93-4448-AC23-6900C6D56C8F}.Release|x86.ActiveCfg = Release|Any CPU
		{2C3AF158-6F93-4448-AC23-6900C6D56C8F}.Release|x86.Build.0 = Release|Any CPU
		{8421ECE8-4C97-4191-AAE4-81B8B2A724EF}.Debug|Any CPU.ActiveCfg = Debug|Any CPU
		{8421ECE8-4C97-4191-AAE4-81B8B2A724EF}.Debug|Any CPU.Build.0 = Debug|Any CPU
		{8421ECE8-4C97-4191-AAE4-81B8B2A724EF}.Debug|x64.ActiveCfg = Debug|Any CPU
		{8421ECE8-4C97-4191-AAE4-81B8B2A724EF}.Debug|x64.Build.0 = Debug|Any CPU
		{8421ECE8-4C97-4191-AAE4-81B8B2A724EF}.Debug|x86.ActiveCfg = Debug|Any CPU
		{8421ECE8-4C97-4191-AAE4-81B8B2A724EF}.Debug|x86.Build.0 = Debug|Any CPU
		{8421ECE8-4C97-4191-AAE4-81B8B2A724EF}.Release|Any CPU.ActiveCfg = Release|Any CPU
		{8421ECE8-4C97-4191-AAE4-81B8B2A724EF}.Release|Any CPU.Build.0 = Release|Any CPU
		{8421ECE8-4C97-4191-AAE4-81B8B2A724EF}.Release|x64.ActiveCfg = Release|Any CPU
		{8421ECE8-4C97-4191-AAE4-81B8B2A724EF}.Release|x64.Build.0 = Release|Any CPU
		{8421ECE8-4C97-4191-AAE4-81B8B2A724EF}.Release|x86.ActiveCfg = Release|Any CPU
		{8421ECE8-4C97-4191-AAE4-81B8B2A724EF}.Release|x86.Build.0 = Release|Any CPU
		{65E75E1B-858A-4958-B590-5483734604D2}.Debug|Any CPU.ActiveCfg = Debug|Any CPU
		{65E75E1B-858A-4958-B590-5483734604D2}.Debug|Any CPU.Build.0 = Debug|Any CPU
		{65E75E1B-858A-4958-B590-5483734604D2}.Debug|x64.ActiveCfg = Debug|Any CPU
		{65E75E1B-858A-4958-B590-5483734604D2}.Debug|x64.Build.0 = Debug|Any CPU
		{65E75E1B-858A-4958-B590-5483734604D2}.Debug|x86.ActiveCfg = Debug|Any CPU
		{65E75E1B-858A-4958-B590-5483734604D2}.Debug|x86.Build.0 = Debug|Any CPU
		{65E75E1B-858A-4958-B590-5483734604D2}.Release|Any CPU.ActiveCfg = Release|Any CPU
		{65E75E1B-858A-4958-B590-5483734604D2}.Release|Any CPU.Build.0 = Release|Any CPU
		{65E75E1B-858A-4958-B590-5483734604D2}.Release|x64.ActiveCfg = Release|Any CPU
		{65E75E1B-858A-4958-B590-5483734604D2}.Release|x64.Build.0 = Release|Any CPU
		{65E75E1B-858A-4958-B590-5483734604D2}.Release|x86.ActiveCfg = Release|Any CPU
		{65E75E1B-858A-4958-B590-5483734604D2}.Release|x86.Build.0 = Release|Any CPU
		{F47C3582-5B4C-47A6-B0DB-BB1FF74DC04E}.Debug|Any CPU.ActiveCfg = Debug|Any CPU
		{F47C3582-5B4C-47A6-B0DB-BB1FF74DC04E}.Debug|Any CPU.Build.0 = Debug|Any CPU
		{F47C3582-5B4C-47A6-B0DB-BB1FF74DC04E}.Debug|x64.ActiveCfg = Debug|Any CPU
		{F47C3582-5B4C-47A6-B0DB-BB1FF74DC04E}.Debug|x64.Build.0 = Debug|Any CPU
		{F47C3582-5B4C-47A6-B0DB-BB1FF74DC04E}.Debug|x86.ActiveCfg = Debug|Any CPU
		{F47C3582-5B4C-47A6-B0DB-BB1FF74DC04E}.Debug|x86.Build.0 = Debug|Any CPU
		{F47C3582-5B4C-47A6-B0DB-BB1FF74DC04E}.Release|Any CPU.ActiveCfg = Release|Any CPU
		{F47C3582-5B4C-47A6-B0DB-BB1FF74DC04E}.Release|Any CPU.Build.0 = Release|Any CPU
		{F47C3582-5B4C-47A6-B0DB-BB1FF74DC04E}.Release|x64.ActiveCfg = Release|Any CPU
		{F47C3582-5B4C-47A6-B0DB-BB1FF74DC04E}.Release|x64.Build.0 = Release|Any CPU
		{F47C3582-5B4C-47A6-B0DB-BB1FF74DC04E}.Release|x86.ActiveCfg = Release|Any CPU
		{F47C3582-5B4C-47A6-B0DB-BB1FF74DC04E}.Release|x86.Build.0 = Release|Any CPU
		{21EE8610-8E51-449A-ADB6-5174CFC4F40A}.Debug|Any CPU.ActiveCfg = Debug|Any CPU
		{21EE8610-8E51-449A-ADB6-5174CFC4F40A}.Debug|Any CPU.Build.0 = Debug|Any CPU
		{21EE8610-8E51-449A-ADB6-5174CFC4F40A}.Debug|x64.ActiveCfg = Debug|Any CPU
		{21EE8610-8E51-449A-ADB6-5174CFC4F40A}.Debug|x64.Build.0 = Debug|Any CPU
		{21EE8610-8E51-449A-ADB6-5174CFC4F40A}.Debug|x86.ActiveCfg = Debug|Any CPU
		{21EE8610-8E51-449A-ADB6-5174CFC4F40A}.Debug|x86.Build.0 = Debug|Any CPU
		{21EE8610-8E51-449A-ADB6-5174CFC4F40A}.Release|Any CPU.ActiveCfg = Release|Any CPU
		{21EE8610-8E51-449A-ADB6-5174CFC4F40A}.Release|Any CPU.Build.0 = Release|Any CPU
		{21EE8610-8E51-449A-ADB6-5174CFC4F40A}.Release|x64.ActiveCfg = Release|Any CPU
		{21EE8610-8E51-449A-ADB6-5174CFC4F40A}.Release|x64.Build.0 = Release|Any CPU
		{21EE8610-8E51-449A-ADB6-5174CFC4F40A}.Release|x86.ActiveCfg = Release|Any CPU
		{21EE8610-8E51-449A-ADB6-5174CFC4F40A}.Release|x86.Build.0 = Release|Any CPU
		{7F915F24-0FD4-40AD-9923-5E274DC1EA66}.Debug|Any CPU.ActiveCfg = Debug|Any CPU
		{7F915F24-0FD4-40AD-9923-5E274DC1EA66}.Debug|Any CPU.Build.0 = Debug|Any CPU
		{7F915F24-0FD4-40AD-9923-5E274DC1EA66}.Debug|x64.ActiveCfg = Debug|Any CPU
		{7F915F24-0FD4-40AD-9923-5E274DC1EA66}.Debug|x64.Build.0 = Debug|Any CPU
		{7F915F24-0FD4-40AD-9923-5E274DC1EA66}.Debug|x86.ActiveCfg = Debug|Any CPU
		{7F915F24-0FD4-40AD-9923-5E274DC1EA66}.Debug|x86.Build.0 = Debug|Any CPU
		{7F915F24-0FD4-40AD-9923-5E274DC1EA66}.Release|Any CPU.ActiveCfg = Release|Any CPU
		{7F915F24-0FD4-40AD-9923-5E274DC1EA66}.Release|Any CPU.Build.0 = Release|Any CPU
		{7F915F24-0FD4-40AD-9923-5E274DC1EA66}.Release|x64.ActiveCfg = Release|Any CPU
		{7F915F24-0FD4-40AD-9923-5E274DC1EA66}.Release|x64.Build.0 = Release|Any CPU
		{7F915F24-0FD4-40AD-9923-5E274DC1EA66}.Release|x86.ActiveCfg = Release|Any CPU
		{7F915F24-0FD4-40AD-9923-5E274DC1EA66}.Release|x86.Build.0 = Release|Any CPU
		{72A6C07E-6F4E-4138-B962-7675AB17E101}.Debug|Any CPU.ActiveCfg = Debug|Any CPU
		{72A6C07E-6F4E-4138-B962-7675AB17E101}.Debug|Any CPU.Build.0 = Debug|Any CPU
		{72A6C07E-6F4E-4138-B962-7675AB17E101}.Debug|x64.ActiveCfg = Debug|Any CPU
		{72A6C07E-6F4E-4138-B962-7675AB17E101}.Debug|x64.Build.0 = Debug|Any CPU
		{72A6C07E-6F4E-4138-B962-7675AB17E101}.Debug|x86.ActiveCfg = Debug|Any CPU
		{72A6C07E-6F4E-4138-B962-7675AB17E101}.Debug|x86.Build.0 = Debug|Any CPU
		{72A6C07E-6F4E-4138-B962-7675AB17E101}.Release|Any CPU.ActiveCfg = Release|Any CPU
		{72A6C07E-6F4E-4138-B962-7675AB17E101}.Release|Any CPU.Build.0 = Release|Any CPU
		{72A6C07E-6F4E-4138-B962-7675AB17E101}.Release|x64.ActiveCfg = Release|Any CPU
		{72A6C07E-6F4E-4138-B962-7675AB17E101}.Release|x64.Build.0 = Release|Any CPU
		{72A6C07E-6F4E-4138-B962-7675AB17E101}.Release|x86.ActiveCfg = Release|Any CPU
		{72A6C07E-6F4E-4138-B962-7675AB17E101}.Release|x86.Build.0 = Release|Any CPU
		{1C0BDF89-2B95-48D8-B09D-096AD4491CBC}.Debug|Any CPU.ActiveCfg = Debug|Any CPU
		{1C0BDF89-2B95-48D8-B09D-096AD4491CBC}.Debug|Any CPU.Build.0 = Debug|Any CPU
		{1C0BDF89-2B95-48D8-B09D-096AD4491CBC}.Debug|x64.ActiveCfg = Debug|Any CPU
		{1C0BDF89-2B95-48D8-B09D-096AD4491CBC}.Debug|x64.Build.0 = Debug|Any CPU
		{1C0BDF89-2B95-48D8-B09D-096AD4491CBC}.Debug|x86.ActiveCfg = Debug|Any CPU
		{1C0BDF89-2B95-48D8-B09D-096AD4491CBC}.Debug|x86.Build.0 = Debug|Any CPU
		{1C0BDF89-2B95-48D8-B09D-096AD4491CBC}.Release|Any CPU.ActiveCfg = Release|Any CPU
		{1C0BDF89-2B95-48D8-B09D-096AD4491CBC}.Release|Any CPU.Build.0 = Release|Any CPU
		{1C0BDF89-2B95-48D8-B09D-096AD4491CBC}.Release|x64.ActiveCfg = Release|Any CPU
		{1C0BDF89-2B95-48D8-B09D-096AD4491CBC}.Release|x64.Build.0 = Release|Any CPU
		{1C0BDF89-2B95-48D8-B09D-096AD4491CBC}.Release|x86.ActiveCfg = Release|Any CPU
		{1C0BDF89-2B95-48D8-B09D-096AD4491CBC}.Release|x86.Build.0 = Release|Any CPU
		{E0373550-19F1-4B56-ADD9-B6AE4646B2B7}.Debug|Any CPU.ActiveCfg = Debug|Any CPU
		{E0373550-19F1-4B56-ADD9-B6AE4646B2B7}.Debug|Any CPU.Build.0 = Debug|Any CPU
		{E0373550-19F1-4B56-ADD9-B6AE4646B2B7}.Debug|x64.ActiveCfg = Debug|Any CPU
		{E0373550-19F1-4B56-ADD9-B6AE4646B2B7}.Debug|x64.Build.0 = Debug|Any CPU
		{E0373550-19F1-4B56-ADD9-B6AE4646B2B7}.Debug|x86.ActiveCfg = Debug|Any CPU
		{E0373550-19F1-4B56-ADD9-B6AE4646B2B7}.Debug|x86.Build.0 = Debug|Any CPU
		{E0373550-19F1-4B56-ADD9-B6AE4646B2B7}.Release|Any CPU.ActiveCfg = Release|Any CPU
		{E0373550-19F1-4B56-ADD9-B6AE4646B2B7}.Release|Any CPU.Build.0 = Release|Any CPU
		{E0373550-19F1-4B56-ADD9-B6AE4646B2B7}.Release|x64.ActiveCfg = Release|Any CPU
		{E0373550-19F1-4B56-ADD9-B6AE4646B2B7}.Release|x64.Build.0 = Release|Any CPU
		{E0373550-19F1-4B56-ADD9-B6AE4646B2B7}.Release|x86.ActiveCfg = Release|Any CPU
		{E0373550-19F1-4B56-ADD9-B6AE4646B2B7}.Release|x86.Build.0 = Release|Any CPU
		{0A03C2F7-B595-4ED7-9B48-3BE81D27939E}.Debug|Any CPU.ActiveCfg = Debug|Any CPU
		{0A03C2F7-B595-4ED7-9B48-3BE81D27939E}.Debug|Any CPU.Build.0 = Debug|Any CPU
		{0A03C2F7-B595-4ED7-9B48-3BE81D27939E}.Debug|x64.ActiveCfg = Debug|Any CPU
		{0A03C2F7-B595-4ED7-9B48-3BE81D27939E}.Debug|x64.Build.0 = Debug|Any CPU
		{0A03C2F7-B595-4ED7-9B48-3BE81D27939E}.Debug|x86.ActiveCfg = Debug|Any CPU
		{0A03C2F7-B595-4ED7-9B48-3BE81D27939E}.Debug|x86.Build.0 = Debug|Any CPU
		{0A03C2F7-B595-4ED7-9B48-3BE81D27939E}.Release|Any CPU.ActiveCfg = Release|Any CPU
		{0A03C2F7-B595-4ED7-9B48-3BE81D27939E}.Release|Any CPU.Build.0 = Release|Any CPU
		{0A03C2F7-B595-4ED7-9B48-3BE81D27939E}.Release|x64.ActiveCfg = Release|Any CPU
		{0A03C2F7-B595-4ED7-9B48-3BE81D27939E}.Release|x64.Build.0 = Release|Any CPU
		{0A03C2F7-B595-4ED7-9B48-3BE81D27939E}.Release|x86.ActiveCfg = Release|Any CPU
		{0A03C2F7-B595-4ED7-9B48-3BE81D27939E}.Release|x86.Build.0 = Release|Any CPU
		{CECE525C-7DE9-4B71-9C83-D8297E6453F9}.Debug|Any CPU.ActiveCfg = Debug|Any CPU
		{CECE525C-7DE9-4B71-9C83-D8297E6453F9}.Debug|Any CPU.Build.0 = Debug|Any CPU
		{CECE525C-7DE9-4B71-9C83-D8297E6453F9}.Debug|x64.ActiveCfg = Debug|Any CPU
		{CECE525C-7DE9-4B71-9C83-D8297E6453F9}.Debug|x64.Build.0 = Debug|Any CPU
		{CECE525C-7DE9-4B71-9C83-D8297E6453F9}.Debug|x86.ActiveCfg = Debug|Any CPU
		{CECE525C-7DE9-4B71-9C83-D8297E6453F9}.Debug|x86.Build.0 = Debug|Any CPU
		{CECE525C-7DE9-4B71-9C83-D8297E6453F9}.Release|Any CPU.ActiveCfg = Release|Any CPU
		{CECE525C-7DE9-4B71-9C83-D8297E6453F9}.Release|Any CPU.Build.0 = Release|Any CPU
		{CECE525C-7DE9-4B71-9C83-D8297E6453F9}.Release|x64.ActiveCfg = Release|Any CPU
		{CECE525C-7DE9-4B71-9C83-D8297E6453F9}.Release|x64.Build.0 = Release|Any CPU
		{CECE525C-7DE9-4B71-9C83-D8297E6453F9}.Release|x86.ActiveCfg = Release|Any CPU
		{CECE525C-7DE9-4B71-9C83-D8297E6453F9}.Release|x86.Build.0 = Release|Any CPU
		{FFCAD20F-28D6-4173-891F-AFFF887A8392}.Debug|Any CPU.ActiveCfg = Debug|Any CPU
		{FFCAD20F-28D6-4173-891F-AFFF887A8392}.Debug|Any CPU.Build.0 = Debug|Any CPU
		{FFCAD20F-28D6-4173-891F-AFFF887A8392}.Debug|x64.ActiveCfg = Debug|Any CPU
		{FFCAD20F-28D6-4173-891F-AFFF887A8392}.Debug|x64.Build.0 = Debug|Any CPU
		{FFCAD20F-28D6-4173-891F-AFFF887A8392}.Debug|x86.ActiveCfg = Debug|Any CPU
		{FFCAD20F-28D6-4173-891F-AFFF887A8392}.Debug|x86.Build.0 = Debug|Any CPU
		{FFCAD20F-28D6-4173-891F-AFFF887A8392}.Release|Any CPU.ActiveCfg = Release|Any CPU
		{FFCAD20F-28D6-4173-891F-AFFF887A8392}.Release|Any CPU.Build.0 = Release|Any CPU
		{FFCAD20F-28D6-4173-891F-AFFF887A8392}.Release|x64.ActiveCfg = Release|Any CPU
		{FFCAD20F-28D6-4173-891F-AFFF887A8392}.Release|x64.Build.0 = Release|Any CPU
		{FFCAD20F-28D6-4173-891F-AFFF887A8392}.Release|x86.ActiveCfg = Release|Any CPU
		{FFCAD20F-28D6-4173-891F-AFFF887A8392}.Release|x86.Build.0 = Release|Any CPU
		{0AB8183B-3908-420C-8D9B-810CEF88D5A9}.Debug|Any CPU.ActiveCfg = Debug|Any CPU
		{0AB8183B-3908-420C-8D9B-810CEF88D5A9}.Debug|Any CPU.Build.0 = Debug|Any CPU
		{0AB8183B-3908-420C-8D9B-810CEF88D5A9}.Debug|x64.ActiveCfg = Debug|Any CPU
		{0AB8183B-3908-420C-8D9B-810CEF88D5A9}.Debug|x64.Build.0 = Debug|Any CPU
		{0AB8183B-3908-420C-8D9B-810CEF88D5A9}.Debug|x86.ActiveCfg = Debug|Any CPU
		{0AB8183B-3908-420C-8D9B-810CEF88D5A9}.Debug|x86.Build.0 = Debug|Any CPU
		{0AB8183B-3908-420C-8D9B-810CEF88D5A9}.Release|Any CPU.ActiveCfg = Release|Any CPU
		{0AB8183B-3908-420C-8D9B-810CEF88D5A9}.Release|Any CPU.Build.0 = Release|Any CPU
		{0AB8183B-3908-420C-8D9B-810CEF88D5A9}.Release|x64.ActiveCfg = Release|Any CPU
		{0AB8183B-3908-420C-8D9B-810CEF88D5A9}.Release|x64.Build.0 = Release|Any CPU
		{0AB8183B-3908-420C-8D9B-810CEF88D5A9}.Release|x86.ActiveCfg = Release|Any CPU
		{0AB8183B-3908-420C-8D9B-810CEF88D5A9}.Release|x86.Build.0 = Release|Any CPU
		{66CBC493-24D7-4A4A-BA31-3C92D14CAE92}.Debug|Any CPU.ActiveCfg = Debug|Any CPU
		{66CBC493-24D7-4A4A-BA31-3C92D14CAE92}.Debug|Any CPU.Build.0 = Debug|Any CPU
		{66CBC493-24D7-4A4A-BA31-3C92D14CAE92}.Debug|x64.ActiveCfg = Debug|Any CPU
		{66CBC493-24D7-4A4A-BA31-3C92D14CAE92}.Debug|x64.Build.0 = Debug|Any CPU
		{66CBC493-24D7-4A4A-BA31-3C92D14CAE92}.Debug|x86.ActiveCfg = Debug|Any CPU
		{66CBC493-24D7-4A4A-BA31-3C92D14CAE92}.Debug|x86.Build.0 = Debug|Any CPU
		{66CBC493-24D7-4A4A-BA31-3C92D14CAE92}.Release|Any CPU.ActiveCfg = Release|Any CPU
		{66CBC493-24D7-4A4A-BA31-3C92D14CAE92}.Release|Any CPU.Build.0 = Release|Any CPU
		{66CBC493-24D7-4A4A-BA31-3C92D14CAE92}.Release|x64.ActiveCfg = Release|Any CPU
		{66CBC493-24D7-4A4A-BA31-3C92D14CAE92}.Release|x64.Build.0 = Release|Any CPU
		{66CBC493-24D7-4A4A-BA31-3C92D14CAE92}.Release|x86.ActiveCfg = Release|Any CPU
		{66CBC493-24D7-4A4A-BA31-3C92D14CAE92}.Release|x86.Build.0 = Release|Any CPU
		{F06D471A-CF5C-4058-9D3E-38FDB94C8FBC}.Debug|Any CPU.ActiveCfg = Debug|Any CPU
		{F06D471A-CF5C-4058-9D3E-38FDB94C8FBC}.Debug|Any CPU.Build.0 = Debug|Any CPU
		{F06D471A-CF5C-4058-9D3E-38FDB94C8FBC}.Debug|x64.ActiveCfg = Debug|Any CPU
		{F06D471A-CF5C-4058-9D3E-38FDB94C8FBC}.Debug|x64.Build.0 = Debug|Any CPU
		{F06D471A-CF5C-4058-9D3E-38FDB94C8FBC}.Debug|x86.ActiveCfg = Debug|Any CPU
		{F06D471A-CF5C-4058-9D3E-38FDB94C8FBC}.Debug|x86.Build.0 = Debug|Any CPU
		{F06D471A-CF5C-4058-9D3E-38FDB94C8FBC}.Release|Any CPU.ActiveCfg = Release|Any CPU
		{F06D471A-CF5C-4058-9D3E-38FDB94C8FBC}.Release|Any CPU.Build.0 = Release|Any CPU
		{F06D471A-CF5C-4058-9D3E-38FDB94C8FBC}.Release|x64.ActiveCfg = Release|Any CPU
		{F06D471A-CF5C-4058-9D3E-38FDB94C8FBC}.Release|x64.Build.0 = Release|Any CPU
		{F06D471A-CF5C-4058-9D3E-38FDB94C8FBC}.Release|x86.ActiveCfg = Release|Any CPU
		{F06D471A-CF5C-4058-9D3E-38FDB94C8FBC}.Release|x86.Build.0 = Release|Any CPU
		{6908A9B4-FAE9-407E-A7BF-313C5CEE1A83}.Debug|Any CPU.ActiveCfg = Debug|Any CPU
		{6908A9B4-FAE9-407E-A7BF-313C5CEE1A83}.Debug|Any CPU.Build.0 = Debug|Any CPU
		{6908A9B4-FAE9-407E-A7BF-313C5CEE1A83}.Debug|x64.ActiveCfg = Debug|Any CPU
		{6908A9B4-FAE9-407E-A7BF-313C5CEE1A83}.Debug|x64.Build.0 = Debug|Any CPU
		{6908A9B4-FAE9-407E-A7BF-313C5CEE1A83}.Debug|x86.ActiveCfg = Debug|Any CPU
		{6908A9B4-FAE9-407E-A7BF-313C5CEE1A83}.Debug|x86.Build.0 = Debug|Any CPU
		{6908A9B4-FAE9-407E-A7BF-313C5CEE1A83}.Release|Any CPU.ActiveCfg = Release|Any CPU
		{6908A9B4-FAE9-407E-A7BF-313C5CEE1A83}.Release|Any CPU.Build.0 = Release|Any CPU
		{6908A9B4-FAE9-407E-A7BF-313C5CEE1A83}.Release|x64.ActiveCfg = Release|Any CPU
		{6908A9B4-FAE9-407E-A7BF-313C5CEE1A83}.Release|x64.Build.0 = Release|Any CPU
		{6908A9B4-FAE9-407E-A7BF-313C5CEE1A83}.Release|x86.ActiveCfg = Release|Any CPU
		{6908A9B4-FAE9-407E-A7BF-313C5CEE1A83}.Release|x86.Build.0 = Release|Any CPU
		{F145A383-49AE-4538-A258-C2E25AD8E0A7}.Debug|Any CPU.ActiveCfg = Debug|Any CPU
		{F145A383-49AE-4538-A258-C2E25AD8E0A7}.Debug|Any CPU.Build.0 = Debug|Any CPU
		{F145A383-49AE-4538-A258-C2E25AD8E0A7}.Debug|x64.ActiveCfg = Debug|Any CPU
		{F145A383-49AE-4538-A258-C2E25AD8E0A7}.Debug|x64.Build.0 = Debug|Any CPU
		{F145A383-49AE-4538-A258-C2E25AD8E0A7}.Debug|x86.ActiveCfg = Debug|Any CPU
		{F145A383-49AE-4538-A258-C2E25AD8E0A7}.Debug|x86.Build.0 = Debug|Any CPU
		{F145A383-49AE-4538-A258-C2E25AD8E0A7}.Release|Any CPU.ActiveCfg = Release|Any CPU
		{F145A383-49AE-4538-A258-C2E25AD8E0A7}.Release|Any CPU.Build.0 = Release|Any CPU
		{F145A383-49AE-4538-A258-C2E25AD8E0A7}.Release|x64.ActiveCfg = Release|Any CPU
		{F145A383-49AE-4538-A258-C2E25AD8E0A7}.Release|x64.Build.0 = Release|Any CPU
		{F145A383-49AE-4538-A258-C2E25AD8E0A7}.Release|x86.ActiveCfg = Release|Any CPU
		{F145A383-49AE-4538-A258-C2E25AD8E0A7}.Release|x86.Build.0 = Release|Any CPU
	EndGlobalSection
	GlobalSection(SolutionProperties) = preSolution
		HideSolutionNode = FALSE
	EndGlobalSection
	GlobalSection(NestedProjects) = preSolution
		{8C8031D7-14B9-41E5-9E92-8EB7037FC8F4} = {827E0CD3-B72D-47B6-A68D-7590B98EB39B}
		{5A842633-317C-43BC-9B74-C974F79B7CDF} = {827E0CD3-B72D-47B6-A68D-7590B98EB39B}
		{2C3AF158-6F93-4448-AC23-6900C6D56C8F} = {827E0CD3-B72D-47B6-A68D-7590B98EB39B}
		{8421ECE8-4C97-4191-AAE4-81B8B2A724EF} = {827E0CD3-B72D-47B6-A68D-7590B98EB39B}
		{65E75E1B-858A-4958-B590-5483734604D2} = {827E0CD3-B72D-47B6-A68D-7590B98EB39B}
		{F47C3582-5B4C-47A6-B0DB-BB1FF74DC04E} = {827E0CD3-B72D-47B6-A68D-7590B98EB39B}
		{21EE8610-8E51-449A-ADB6-5174CFC4F40A} = {827E0CD3-B72D-47B6-A68D-7590B98EB39B}
		{7F915F24-0FD4-40AD-9923-5E274DC1EA66} = {827E0CD3-B72D-47B6-A68D-7590B98EB39B}
		{72A6C07E-6F4E-4138-B962-7675AB17E101} = {827E0CD3-B72D-47B6-A68D-7590B98EB39B}
		{1C0BDF89-2B95-48D8-B09D-096AD4491CBC} = {827E0CD3-B72D-47B6-A68D-7590B98EB39B}
		{E0373550-19F1-4B56-ADD9-B6AE4646B2B7} = {827E0CD3-B72D-47B6-A68D-7590B98EB39B}
		{0A03C2F7-B595-4ED7-9B48-3BE81D27939E} = {827E0CD3-B72D-47B6-A68D-7590B98EB39B}
		{CECE525C-7DE9-4B71-9C83-D8297E6453F9} = {827E0CD3-B72D-47B6-A68D-7590B98EB39B}
		{FFCAD20F-28D6-4173-891F-AFFF887A8392} = {827E0CD3-B72D-47B6-A68D-7590B98EB39B}
		{0AB8183B-3908-420C-8D9B-810CEF88D5A9} = {827E0CD3-B72D-47B6-A68D-7590B98EB39B}
		{66CBC493-24D7-4A4A-BA31-3C92D14CAE92} = {827E0CD3-B72D-47B6-A68D-7590B98EB39B}
		{F06D471A-CF5C-4058-9D3E-38FDB94C8FBC} = {0AB3BF05-4346-4AA6-1389-037BE0695223}
		{6908A9B4-FAE9-407E-A7BF-313C5CEE1A83} = {0AB3BF05-4346-4AA6-1389-037BE0695223}
		{F145A383-49AE-4538-A258-C2E25AD8E0A7} = {0AB3BF05-4346-4AA6-1389-037BE0695223}
	EndGlobalSection
EndGlobal
